
Microsoft Visual Studio Solution File, Format Version 12.00
Project("{FAE04EC0-301F-11D3-BF4B-00C04F79EFBC}") = "pokeapi2", "pokeapi2.csproj", "{841EFDEF-04AA-4DDC-B6FA-C84721A13CC5}"
EndProject
Global
	GlobalSection(SolutionConfigurationPlatforms) = preSolution
		Debug|Any CPU = Debug|Any CPU
		Release|Any CPU = Release|Any CPU
	EndGlobalSection
	GlobalSection(ProjectConfigurationPlatforms) = postSolution
		{841EFDEF-04AA-4DDC-B6FA-C84721A13CC5}.Debug|Any CPU.ActiveCfg = Debug|Any CPU
		{841EFDEF-04AA-4DDC-B6FA-C84721A13CC5}.Debug|Any CPU.Build.0 = Debug|Any CPU
		{841EFDEF-04AA-4DDC-B6FA-C84721A13CC5}.Release|Any CPU.ActiveCfg = Release|Any CPU
		{841EFDEF-04AA-4DDC-B6FA-C84721A13CC5}.Release|Any CPU.Build.0 = Release|Any CPU
	EndGlobalSection
EndGlobal
